
Microsoft Visual Studio Solution File, Format Version 12.00
Project("{2150E333-8FDC-42A3-9474-1A3956D46DE8}") = "src", "src", "{B3713AF4-A325-4F7B-874A-6CB8A7D4B635}"
EndProject
Project("{FAE04EC0-301F-11D3-BF4B-00C04F79EFBC}") = "Kotori.SharedCore", "Kotori.SharedCore\Kotori.SharedCore.csproj", "{3830F64F-CF5F-4B21-9AF0-77E5913D2DE8}"
EndProject
Global
	GlobalSection(SolutionConfigurationPlatforms) = preSolution
		Debug|Any CPU = Debug|Any CPU
		Release|Any CPU = Release|Any CPU
	EndGlobalSection
	GlobalSection(NestedProjects) = preSolution
		{3830F64F-CF5F-4B21-9AF0-77E5913D2DE8} = {B3713AF4-A325-4F7B-874A-6CB8A7D4B635}
	EndGlobalSection
	GlobalSection(ProjectConfigurationPlatforms) = postSolution
		{3830F64F-CF5F-4B21-9AF0-77E5913D2DE8}.Debug|Any CPU.ActiveCfg = Debug|Any CPU
		{3830F64F-CF5F-4B21-9AF0-77E5913D2DE8}.Debug|Any CPU.Build.0 = Debug|Any CPU
		{3830F64F-CF5F-4B21-9AF0-77E5913D2DE8}.Release|Any CPU.ActiveCfg = Release|Any CPU
		{3830F64F-CF5F-4B21-9AF0-77E5913D2DE8}.Release|Any CPU.Build.0 = Release|Any CPU
	EndGlobalSection
EndGlobal
